
Microsoft Visual Studio Solution File, Format Version 12.00
# Visual Studio Version 17
VisualStudioVersion = 17.14.36623.8 d17.14
MinimumVisualStudioVersion = 10.0.40219.1
Project("{FAE04EC0-301F-11D3-BF4B-00C04F79EFBC}") = "RMQReader", "RMQReader.csproj", "{433574E1-36EF-4648-B2BC-0D27BB0AF50B}"
EndProject
Global
	GlobalSection(SolutionConfigurationPlatforms) = preSolution
		Debug|Any CPU = Debug|Any CPU
		Release|Any CPU = Release|Any CPU
	EndGlobalSection
	GlobalSection(ProjectConfigurationPlatforms) = postSolution
		{433574E1-36EF-4648-B2BC-0D27BB0AF50B}.Debug|Any CPU.ActiveCfg = Debug|Any CPU
		{433574E1-36EF-4648-B2BC-0D27BB0AF50B}.Debug|Any CPU.Build.0 = Debug|Any CPU
		{433574E1-36EF-4648-B2BC-0D27BB0AF50B}.Release|Any CPU.ActiveCfg = Release|Any CPU
		{433574E1-36EF-4648-B2BC-0D27BB0AF50B}.Release|Any CPU.Build.0 = Release|Any CPU
	EndGlobalSection
	GlobalSection(SolutionProperties) = preSolution
		HideSolutionNode = FALSE
	EndGlobalSection
	GlobalSection(ExtensibilityGlobals) = postSolution
		SolutionGuid = {1F49D2AF-3128-416D-B8BB-6C16E0C5816D}
	EndGlobalSection
EndGlobal
